
Microsoft Visual Studio Solution File, Format Version 12.00
# Visual Studio Version 17
VisualStudioVersion = 17.9.34728.123
MinimumVisualStudioVersion = 10.0.40219.1
Project("{FAE04EC0-301F-11D3-BF4B-00C04F79EFBC}") = "ConsoleApp1", "ConsoleApp1\ConsoleApp1.csproj", "{2704C0C6-7163-4C3B-BE94-34CCDC07028F}"
EndProject
Global
	GlobalSection(SolutionConfigurationPlatforms) = preSolution
		Debug|Any CPU = Debug|Any CPU
		Release|Any CPU = Release|Any CPU
	EndGlobalSection
	GlobalSection(ProjectConfigurationPlatforms) = postSolution
		{2704C0C6-7163-4C3B-BE94-34CCDC07028F}.Debug|Any CPU.ActiveCfg = Debug|Any CPU
		{2704C0C6-7163-4C3B-BE94-34CCDC07028F}.Debug|Any CPU.Build.0 = Debug|Any CPU
		{2704C0C6-7163-4C3B-BE94-34CCDC07028F}.Release|Any CPU.ActiveCfg = Release|Any CPU
		{2704C0C6-7163-4C3B-BE94-34CCDC07028F}.Release|Any CPU.Build.0 = Release|Any CPU
	EndGlobalSection
	GlobalSection(SolutionProperties) = preSolution
		HideSolutionNode = FALSE
	EndGlobalSection
	GlobalSection(ExtensibilityGlobals) = postSolution
		SolutionGuid = {B5823D83-5A4D-4C8E-93FE-26C8EBBAD745}
	EndGlobalSection
EndGlobal
